// !$*UTF8*$!
{
	archiveVersion = 1;
	classes = {
	};
	objectVersion = 46;
	objects = {

/* Begin PBXBuildFile section */
		9E0A30F51CE37561008CFDAD /* Int+Extension.swift in Sources */ = {isa = PBXBuildFile; fileRef = 9E0A30F41CE37561008CFDAD /* Int+Extension.swift */; };
		9E3C73241CE494C6005D7975 /* EncoderPDU.swift in Sources */ = {isa = PBXBuildFile; fileRef = 9E3C73231CE494C6005D7975 /* EncoderPDU.swift */; };
		9E3C73251CE494C6005D7975 /* EncoderPDU.swift in Sources */ = {isa = PBXBuildFile; fileRef = 9E3C73231CE494C6005D7975 /* EncoderPDU.swift */; };
		9E3C73271CE494D3005D7975 /* DecoderPDU.swift in Sources */ = {isa = PBXBuildFile; fileRef = 9E3C73261CE494D3005D7975 /* DecoderPDU.swift */; };
		9E3C73281CE494D3005D7975 /* DecoderPDU.swift in Sources */ = {isa = PBXBuildFile; fileRef = 9E3C73261CE494D3005D7975 /* DecoderPDU.swift */; };
		9E3C732A1CE4C5A1005D7975 /* TPDU+Decoder.swift in Sources */ = {isa = PBXBuildFile; fileRef = 9E3C73291CE4C5A1005D7975 /* TPDU+Decoder.swift */; };
		9E3C732B1CE4C5A1005D7975 /* TPDU+Decoder.swift in Sources */ = {isa = PBXBuildFile; fileRef = 9E3C73291CE4C5A1005D7975 /* TPDU+Decoder.swift */; };
		9E5D1C301CE331540061A56A /* AppDelegate.swift in Sources */ = {isa = PBXBuildFile; fileRef = 9E5D1C2F1CE331540061A56A /* AppDelegate.swift */; };
		9E5D1C321CE331540061A56A /* ViewController.swift in Sources */ = {isa = PBXBuildFile; fileRef = 9E5D1C311CE331540061A56A /* ViewController.swift */; };
		9E5D1C351CE331540061A56A /* Main.storyboard in Resources */ = {isa = PBXBuildFile; fileRef = 9E5D1C331CE331540061A56A /* Main.storyboard */; };
		9E5D1C371CE331540061A56A /* Assets.xcassets in Resources */ = {isa = PBXBuildFile; fileRef = 9E5D1C361CE331540061A56A /* Assets.xcassets */; };
		9E5D1C3A1CE331540061A56A /* LaunchScreen.storyboard in Resources */ = {isa = PBXBuildFile; fileRef = 9E5D1C381CE331540061A56A /* LaunchScreen.storyboard */; };
		9E5D1C451CE331540061A56A /* SMSPduTests.swift in Sources */ = {isa = PBXBuildFile; fileRef = 9E5D1C441CE331540061A56A /* SMSPduTests.swift */; };
		9E5D1C501CE331540061A56A /* SMSPduUITests.swift in Sources */ = {isa = PBXBuildFile; fileRef = 9E5D1C4F1CE331540061A56A /* SMSPduUITests.swift */; };
		9E5D1C5E1CE331780061A56A /* SMSConstants.swift in Sources */ = {isa = PBXBuildFile; fileRef = 9E5D1C5D1CE331780061A56A /* SMSConstants.swift */; };
		9E5D1C5F1CE331780061A56A /* SMSConstants.swift in Sources */ = {isa = PBXBuildFile; fileRef = 9E5D1C5D1CE331780061A56A /* SMSConstants.swift */; };
		9E5D1C611CE333F70061A56A /* SMSC.swift in Sources */ = {isa = PBXBuildFile; fileRef = 9E5D1C601CE333F70061A56A /* SMSC.swift */; };
		9E5D1C621CE333F70061A56A /* SMSC.swift in Sources */ = {isa = PBXBuildFile; fileRef = 9E5D1C601CE333F70061A56A /* SMSC.swift */; };
		9E5D1C651CE336390061A56A /* PDU_HelperFunctions.swift in Sources */ = {isa = PBXBuildFile; fileRef = 9E5D1C641CE336390061A56A /* PDU_HelperFunctions.swift */; };
		9E5D1C661CE336390061A56A /* PDU_HelperFunctions.swift in Sources */ = {isa = PBXBuildFile; fileRef = 9E5D1C641CE336390061A56A /* PDU_HelperFunctions.swift */; };
		9E5D1C681CE336740061A56A /* String+Extension.swift in Sources */ = {isa = PBXBuildFile; fileRef = 9E5D1C671CE336740061A56A /* String+Extension.swift */; };
		9E5D1C691CE336740061A56A /* String+Extension.swift in Sources */ = {isa = PBXBuildFile; fileRef = 9E5D1C671CE336740061A56A /* String+Extension.swift */; };
		9E5D1C6B1CE369190061A56A /* TPDU.swift in Sources */ = {isa = PBXBuildFile; fileRef = 9E5D1C6A1CE369190061A56A /* TPDU.swift */; };
		9E5D1C6C1CE369190061A56A /* TPDU.swift in Sources */ = {isa = PBXBuildFile; fileRef = 9E5D1C6A1CE369190061A56A /* TPDU.swift */; };
		9E62C8D81CE9CF5700A4AC98 /* SMSC+Encoder.swift in Sources */ = {isa = PBXBuildFile; fileRef = 9E62C8D71CE9CF5700A4AC98 /* SMSC+Encoder.swift */; };
		9E62C8D91CE9CF5700A4AC98 /* SMSC+Encoder.swift in Sources */ = {isa = PBXBuildFile; fileRef = 9E62C8D71CE9CF5700A4AC98 /* SMSC+Encoder.swift */; };
		9E62C8DB1CE9CF9300A4AC98 /* SMSC+Decoder.swift in Sources */ = {isa = PBXBuildFile; fileRef = 9E62C8DA1CE9CF9300A4AC98 /* SMSC+Decoder.swift */; };
		9E62C8DC1CE9CF9300A4AC98 /* SMSC+Decoder.swift in Sources */ = {isa = PBXBuildFile; fileRef = 9E62C8DA1CE9CF9300A4AC98 /* SMSC+Decoder.swift */; };
		9E62C8DE1CE9D57100A4AC98 /* TPDU+Encoder.swift in Sources */ = {isa = PBXBuildFile; fileRef = 9E62C8DD1CE9D57100A4AC98 /* TPDU+Encoder.swift */; };
		9E62C8DF1CE9D57100A4AC98 /* TPDU+Encoder.swift in Sources */ = {isa = PBXBuildFile; fileRef = 9E62C8DD1CE9D57100A4AC98 /* TPDU+Encoder.swift */; };
		9E92E5FA1CEB20F4008ABAA4 /* Int+Extension.swift in Sources */ = {isa = PBXBuildFile; fileRef = 9E0A30F41CE37561008CFDAD /* Int+Extension.swift */; };
		9E92E5FB1CEB210B008ABAA4 /* ViewController.swift in Sources */ = {isa = PBXBuildFile; fileRef = 9E5D1C311CE331540061A56A /* ViewController.swift */; };
		9E92E5FC1CEB210E008ABAA4 /* AppDelegate.swift in Sources */ = {isa = PBXBuildFile; fileRef = 9E5D1C2F1CE331540061A56A /* AppDelegate.swift */; };
/* End PBXBuildFile section */

/* Begin PBXContainerItemProxy section */
		9E5D1C411CE331540061A56A /* PBXContainerItemProxy */ = {
			isa = PBXContainerItemProxy;
			containerPortal = 9E5D1C241CE331540061A56A /* Project object */;
			proxyType = 1;
			remoteGlobalIDString = 9E5D1C2B1CE331540061A56A;
			remoteInfo = SMSPdu;
		};
		9E5D1C4C1CE331540061A56A /* PBXContainerItemProxy */ = {
			isa = PBXContainerItemProxy;
			containerPortal = 9E5D1C241CE331540061A56A /* Project object */;
			proxyType = 1;
			remoteGlobalIDString = 9E5D1C2B1CE331540061A56A;
			remoteInfo = SMSPdu;
		};
/* End PBXContainerItemProxy section */

/* Begin PBXFileReference section */
		9E0A30F41CE37561008CFDAD /* Int+Extension.swift */ = {isa = PBXFileReference; fileEncoding = 4; lastKnownFileType = sourcecode.swift; path = "Int+Extension.swift"; sourceTree = "<group>"; };
		9E3C73231CE494C6005D7975 /* EncoderPDU.swift */ = {isa = PBXFileReference; fileEncoding = 4; lastKnownFileType = sourcecode.swift; path = EncoderPDU.swift; sourceTree = "<group>"; };
		9E3C73261CE494D3005D7975 /* DecoderPDU.swift */ = {isa = PBXFileReference; fileEncoding = 4; lastKnownFileType = sourcecode.swift; path = DecoderPDU.swift; sourceTree = "<group>"; };
		9E3C73291CE4C5A1005D7975 /* TPDU+Decoder.swift */ = {isa = PBXFileReference; fileEncoding = 4; lastKnownFileType = sourcecode.swift; path = "TPDU+Decoder.swift"; sourceTree = "<group>"; };
		9E5D1C2C1CE331540061A56A /* SMSPdu.app */ = {isa = PBXFileReference; explicitFileType = wrapper.application; includeInIndex = 0; path = SMSPdu.app; sourceTree = BUILT_PRODUCTS_DIR; };
		9E5D1C2F1CE331540061A56A /* AppDelegate.swift */ = {isa = PBXFileReference; lastKnownFileType = sourcecode.swift; path = AppDelegate.swift; sourceTree = "<group>"; };
		9E5D1C311CE331540061A56A /* ViewController.swift */ = {isa = PBXFileReference; lastKnownFileType = sourcecode.swift; path = ViewController.swift; sourceTree = "<group>"; };
		9E5D1C341CE331540061A56A /* Base */ = {isa = PBXFileReference; lastKnownFileType = file.storyboard; name = Base; path = Base.lproj/Main.storyboard; sourceTree = "<group>"; };
		9E5D1C361CE331540061A56A /* Assets.xcassets */ = {isa = PBXFileReference; lastKnownFileType = folder.assetcatalog; path = Assets.xcassets; sourceTree = "<group>"; };
		9E5D1C391CE331540061A56A /* Base */ = {isa = PBXFileReference; lastKnownFileType = file.storyboard; name = Base; path = Base.lproj/LaunchScreen.storyboard; sourceTree = "<group>"; };
		9E5D1C3B1CE331540061A56A /* Info.plist */ = {isa = PBXFileReference; lastKnownFileType = text.plist.xml; path = Info.plist; sourceTree = "<group>"; };
		9E5D1C401CE331540061A56A /* SMSPduTests.xctest */ = {isa = PBXFileReference; explicitFileType = wrapper.cfbundle; includeInIndex = 0; path = SMSPduTests.xctest; sourceTree = BUILT_PRODUCTS_DIR; };
		9E5D1C441CE331540061A56A /* SMSPduTests.swift */ = {isa = PBXFileReference; lastKnownFileType = sourcecode.swift; path = SMSPduTests.swift; sourceTree = "<group>"; };
		9E5D1C461CE331540061A56A /* Info.plist */ = {isa = PBXFileReference; lastKnownFileType = text.plist.xml; path = Info.plist; sourceTree = "<group>"; };
		9E5D1C4B1CE331540061A56A /* SMSPduUITests.xctest */ = {isa = PBXFileReference; explicitFileType = wrapper.cfbundle; includeInIndex = 0; path = SMSPduUITests.xctest; sourceTree = BUILT_PRODUCTS_DIR; };
		9E5D1C4F1CE331540061A56A /* SMSPduUITests.swift */ = {isa = PBXFileReference; lastKnownFileType = sourcecode.swift; path = SMSPduUITests.swift; sourceTree = "<group>"; };
		9E5D1C511CE331540061A56A /* Info.plist */ = {isa = PBXFileReference; lastKnownFileType = text.plist.xml; path = Info.plist; sourceTree = "<group>"; };
		9E5D1C5D1CE331780061A56A /* SMSConstants.swift */ = {isa = PBXFileReference; fileEncoding = 4; lastKnownFileType = sourcecode.swift; path = SMSConstants.swift; sourceTree = "<group>"; };
		9E5D1C601CE333F70061A56A /* SMSC.swift */ = {isa = PBXFileReference; fileEncoding = 4; lastKnownFileType = sourcecode.swift; path = SMSC.swift; sourceTree = "<group>"; };
		9E5D1C641CE336390061A56A /* PDU_HelperFunctions.swift */ = {isa = PBXFileReference; fileEncoding = 4; lastKnownFileType = sourcecode.swift; path = PDU_HelperFunctions.swift; sourceTree = "<group>"; };
		9E5D1C671CE336740061A56A /* String+Extension.swift */ = {isa = PBXFileReference; fileEncoding = 4; lastKnownFileType = sourcecode.swift; path = "String+Extension.swift"; sourceTree = "<group>"; };
		9E5D1C6A1CE369190061A56A /* TPDU.swift */ = {isa = PBXFileReference; fileEncoding = 4; lastKnownFileType = sourcecode.swift; path = TPDU.swift; sourceTree = "<group>"; };
		9E62C8D71CE9CF5700A4AC98 /* SMSC+Encoder.swift */ = {isa = PBXFileReference; fileEncoding = 4; lastKnownFileType = sourcecode.swift; path = "SMSC+Encoder.swift"; sourceTree = "<group>"; };
		9E62C8DA1CE9CF9300A4AC98 /* SMSC+Decoder.swift */ = {isa = PBXFileReference; fileEncoding = 4; lastKnownFileType = sourcecode.swift; path = "SMSC+Decoder.swift"; sourceTree = "<group>"; };
		9E62C8DD1CE9D57100A4AC98 /* TPDU+Encoder.swift */ = {isa = PBXFileReference; fileEncoding = 4; lastKnownFileType = sourcecode.swift; path = "TPDU+Encoder.swift"; sourceTree = "<group>"; };
/* End PBXFileReference section */

/* Begin PBXFrameworksBuildPhase section */
		9E5D1C291CE331540061A56A /* Frameworks */ = {
			isa = PBXFrameworksBuildPhase;
			buildActionMask = 2147483647;
			files = (
			);
			runOnlyForDeploymentPostprocessing = 0;
		};
		9E5D1C3D1CE331540061A56A /* Frameworks */ = {
			isa = PBXFrameworksBuildPhase;
			buildActionMask = 2147483647;
			files = (
			);
			runOnlyForDeploymentPostprocessing = 0;
		};
		9E5D1C481CE331540061A56A /* Frameworks */ = {
			isa = PBXFrameworksBuildPhase;
			buildActionMask = 2147483647;
			files = (
			);
			runOnlyForDeploymentPostprocessing = 0;
		};
/* End PBXFrameworksBuildPhase section */

/* Begin PBXGroup section */
		9E5D1C231CE331540061A56A = {
			isa = PBXGroup;
			children = (
				9E5D1C2E1CE331540061A56A /* SMSPdu */,
				9E5D1C431CE331540061A56A /* SMSPduTests */,
				9E5D1C4E1CE331540061A56A /* SMSPduUITests */,
				9E5D1C2D1CE331540061A56A /* Products */,
			);
			sourceTree = "<group>";
		};
		9E5D1C2D1CE331540061A56A /* Products */ = {
			isa = PBXGroup;
			children = (
				9E5D1C2C1CE331540061A56A /* SMSPdu.app */,
				9E5D1C401CE331540061A56A /* SMSPduTests.xctest */,
				9E5D1C4B1CE331540061A56A /* SMSPduUITests.xctest */,
			);
			name = Products;
			sourceTree = "<group>";
		};
		9E5D1C2E1CE331540061A56A /* SMSPdu */ = {
			isa = PBXGroup;
			children = (
				9E5D1C631CE335A80061A56A /* App */,
				9E5D1C5D1CE331780061A56A /* SMSConstants.swift */,
				9E3C73231CE494C6005D7975 /* EncoderPDU.swift */,
				9E3C73261CE494D3005D7975 /* DecoderPDU.swift */,
				9E5D1C6A1CE369190061A56A /* TPDU.swift */,
				9E62C8DD1CE9D57100A4AC98 /* TPDU+Encoder.swift */,
				9E3C73291CE4C5A1005D7975 /* TPDU+Decoder.swift */,
				9E5D1C601CE333F70061A56A /* SMSC.swift */,
				9E62C8D71CE9CF5700A4AC98 /* SMSC+Encoder.swift */,
				9E62C8DA1CE9CF9300A4AC98 /* SMSC+Decoder.swift */,
				9E5D1C641CE336390061A56A /* PDU_HelperFunctions.swift */,
				9E5D1C671CE336740061A56A /* String+Extension.swift */,
				9E0A30F41CE37561008CFDAD /* Int+Extension.swift */,
			);
			path = SMSPdu;
			sourceTree = "<group>";
		};
		9E5D1C431CE331540061A56A /* SMSPduTests */ = {
			isa = PBXGroup;
			children = (
				9E5D1C441CE331540061A56A /* SMSPduTests.swift */,
				9E5D1C461CE331540061A56A /* Info.plist */,
			);
			path = SMSPduTests;
			sourceTree = "<group>";
		};
		9E5D1C4E1CE331540061A56A /* SMSPduUITests */ = {
			isa = PBXGroup;
			children = (
				9E5D1C4F1CE331540061A56A /* SMSPduUITests.swift */,
				9E5D1C511CE331540061A56A /* Info.plist */,
			);
			path = SMSPduUITests;
			sourceTree = "<group>";
		};
		9E5D1C631CE335A80061A56A /* App */ = {
			isa = PBXGroup;
			children = (
				9E5D1C2F1CE331540061A56A /* AppDelegate.swift */,
				9E5D1C311CE331540061A56A /* ViewController.swift */,
				9E5D1C331CE331540061A56A /* Main.storyboard */,
				9E5D1C361CE331540061A56A /* Assets.xcassets */,
				9E5D1C381CE331540061A56A /* LaunchScreen.storyboard */,
				9E5D1C3B1CE331540061A56A /* Info.plist */,
			);
			name = App;
			sourceTree = "<group>";
		};
/* End PBXGroup section */

/* Begin PBXNativeTarget section */
		9E5D1C2B1CE331540061A56A /* SMSPdu */ = {
			isa = PBXNativeTarget;
			buildConfigurationList = 9E5D1C541CE331540061A56A /* Build configuration list for PBXNativeTarget "SMSPdu" */;
			buildPhases = (
				9E5D1C281CE331540061A56A /* Sources */,
				9E5D1C291CE331540061A56A /* Frameworks */,
				9E5D1C2A1CE331540061A56A /* Resources */,
			);
			buildRules = (
			);
			dependencies = (
			);
			name = SMSPdu;
			productName = SMSPdu;
			productReference = 9E5D1C2C1CE331540061A56A /* SMSPdu.app */;
			productType = "com.apple.product-type.application";
		};
		9E5D1C3F1CE331540061A56A /* SMSPduTests */ = {
			isa = PBXNativeTarget;
			buildConfigurationList = 9E5D1C571CE331540061A56A /* Build configuration list for PBXNativeTarget "SMSPduTests" */;
			buildPhases = (
				9E5D1C3C1CE331540061A56A /* Sources */,
				9E5D1C3D1CE331540061A56A /* Frameworks */,
				9E5D1C3E1CE331540061A56A /* Resources */,
			);
			buildRules = (
			);
			dependencies = (
				9E5D1C421CE331540061A56A /* PBXTargetDependency */,
			);
			name = SMSPduTests;
			productName = SMSPduTests;
			productReference = 9E5D1C401CE331540061A56A /* SMSPduTests.xctest */;
			productType = "com.apple.product-type.bundle.unit-test";
		};
		9E5D1C4A1CE331540061A56A /* SMSPduUITests */ = {
			isa = PBXNativeTarget;
			buildConfigurationList = 9E5D1C5A1CE331540061A56A /* Build configuration list for PBXNativeTarget "SMSPduUITests" */;
			buildPhases = (
				9E5D1C471CE331540061A56A /* Sources */,
				9E5D1C481CE331540061A56A /* Frameworks */,
				9E5D1C491CE331540061A56A /* Resources */,
			);
			buildRules = (
			);
			dependencies = (
				9E5D1C4D1CE331540061A56A /* PBXTargetDependency */,
			);
			name = SMSPduUITests;
			productName = SMSPduUITests;
			productReference = 9E5D1C4B1CE331540061A56A /* SMSPduUITests.xctest */;
			productType = "com.apple.product-type.bundle.ui-testing";
		};
/* End PBXNativeTarget section */

/* Begin PBXProject section */
		9E5D1C241CE331540061A56A /* Project object */ = {
			isa = PBXProject;
			attributes = {
				LastSwiftUpdateCheck = 0730;
				LastUpgradeCheck = 0730;
				ORGANIZATIONNAME = "Pavle Mijatovic";
				TargetAttributes = {
					9E5D1C2B1CE331540061A56A = {
						CreatedOnToolsVersion = 7.3;
					};
					9E5D1C3F1CE331540061A56A = {
						CreatedOnToolsVersion = 7.3;
						TestTargetID = 9E5D1C2B1CE331540061A56A;
					};
					9E5D1C4A1CE331540061A56A = {
						CreatedOnToolsVersion = 7.3;
						TestTargetID = 9E5D1C2B1CE331540061A56A;
					};
				};
			};
			buildConfigurationList = 9E5D1C271CE331540061A56A /* Build configuration list for PBXProject "SMSPdu" */;
			compatibilityVersion = "Xcode 3.2";
			developmentRegion = English;
			hasScannedForEncodings = 0;
			knownRegions = (
				en,
				Base,
			);
			mainGroup = 9E5D1C231CE331540061A56A;
			productRefGroup = 9E5D1C2D1CE331540061A56A /* Products */;
			projectDirPath = "";
			projectRoot = "";
			targets = (
				9E5D1C2B1CE331540061A56A /* SMSPdu */,
				9E5D1C3F1CE331540061A56A /* SMSPduTests */,
				9E5D1C4A1CE331540061A56A /* SMSPduUITests */,
			);
		};
/* End PBXProject section */

/* Begin PBXResourcesBuildPhase section */
		9E5D1C2A1CE331540061A56A /* Resources */ = {
			isa = PBXResourcesBuildPhase;
			buildActionMask = 2147483647;
			files = (
				9E5D1C3A1CE331540061A56A /* LaunchScreen.storyboard in Resources */,
				9E5D1C371CE331540061A56A /* Assets.xcassets in Resources */,
				9E5D1C351CE331540061A56A /* Main.storyboard in Resources */,
			);
			runOnlyForDeploymentPostprocessing = 0;
		};
		9E5D1C3E1CE331540061A56A /* Resources */ = {
			isa = PBXResourcesBuildPhase;
			buildActionMask = 2147483647;
			files = (
			);
			runOnlyForDeploymentPostprocessing = 0;
		};
		9E5D1C491CE331540061A56A /* Resources */ = {
			isa = PBXResourcesBuildPhase;
			buildActionMask = 2147483647;
			files = (
			);
			runOnlyForDeploymentPostprocessing = 0;
		};
/* End PBXResourcesBuildPhase section */

/* Begin PBXSourcesBuildPhase section */
		9E5D1C281CE331540061A56A /* Sources */ = {
			isa = PBXSourcesBuildPhase;
			buildActionMask = 2147483647;
			files = (
				9E5D1C651CE336390061A56A /* PDU_HelperFunctions.swift in Sources */,
				9E0A30F51CE37561008CFDAD /* Int+Extension.swift in Sources */,
				9E62C8DB1CE9CF9300A4AC98 /* SMSC+Decoder.swift in Sources */,
				9E5D1C321CE331540061A56A /* ViewController.swift in Sources */,
				9E5D1C6B1CE369190061A56A /* TPDU.swift in Sources */,
				9E3C73271CE494D3005D7975 /* DecoderPDU.swift in Sources */,
				9E3C73241CE494C6005D7975 /* EncoderPDU.swift in Sources */,
				9E62C8D81CE9CF5700A4AC98 /* SMSC+Encoder.swift in Sources */,
				9E5D1C5E1CE331780061A56A /* SMSConstants.swift in Sources */,
				9E5D1C301CE331540061A56A /* AppDelegate.swift in Sources */,
				9E5D1C681CE336740061A56A /* String+Extension.swift in Sources */,
				9E3C732A1CE4C5A1005D7975 /* TPDU+Decoder.swift in Sources */,
				9E5D1C611CE333F70061A56A /* SMSC.swift in Sources */,
				9E62C8DE1CE9D57100A4AC98 /* TPDU+Encoder.swift in Sources */,
			);
			runOnlyForDeploymentPostprocessing = 0;
		};
		9E5D1C3C1CE331540061A56A /* Sources */ = {
			isa = PBXSourcesBuildPhase;
			buildActionMask = 2147483647;
			files = (
				9E3C732B1CE4C5A1005D7975 /* TPDU+Decoder.swift in Sources */,
				9E5D1C6C1CE369190061A56A /* TPDU.swift in Sources */,
				9E5D1C621CE333F70061A56A /* SMSC.swift in Sources */,
				9E92E5FC1CEB210E008ABAA4 /* AppDelegate.swift in Sources */,
				9E3C73281CE494D3005D7975 /* DecoderPDU.swift in Sources */,
				9E92E5FB1CEB210B008ABAA4 /* ViewController.swift in Sources */,
				9E62C8D91CE9CF5700A4AC98 /* SMSC+Encoder.swift in Sources */,
				9E5D1C661CE336390061A56A /* PDU_HelperFunctions.swift in Sources */,
				9E5D1C451CE331540061A56A /* SMSPduTests.swift in Sources */,
				9E5D1C691CE336740061A56A /* String+Extension.swift in Sources */,
				9E92E5FA1CEB20F4008ABAA4 /* Int+Extension.swift in Sources */,
				9E62C8DC1CE9CF9300A4AC98 /* SMSC+Decoder.swift in Sources */,
				9E62C8DF1CE9D57100A4AC98 /* TPDU+Encoder.swift in Sources */,
				9E3C73251CE494C6005D7975 /* EncoderPDU.swift in Sources */,
				9E5D1C5F1CE331780061A56A /* SMSConstants.swift in Sources */,
			);
			runOnlyForDeploymentPostprocessing = 0;
		};
		9E5D1C471CE331540061A56A /* Sources */ = {
			isa = PBXSourcesBuildPhase;
			buildActionMask = 2147483647;
			files = (
				9E5D1C501CE331540061A56A /* SMSPduUITests.swift in Sources */,
			);
			runOnlyForDeploymentPostprocessing = 0;
		};
/* End PBXSourcesBuildPhase section */

/* Begin PBXTargetDependency section */
		9E5D1C421CE331540061A56A /* PBXTargetDependency */ = {
			isa = PBXTargetDependency;
			target = 9E5D1C2B1CE331540061A56A /* SMSPdu */;
			targetProxy = 9E5D1C411CE331540061A56A /* PBXContainerItemProxy */;
		};
		9E5D1C4D1CE331540061A56A /* PBXTargetDependency */ = {
			isa = PBXTargetDependency;
			target = 9E5D1C2B1CE331540061A56A /* SMSPdu */;
			targetProxy = 9E5D1C4C1CE331540061A56A /* PBXContainerItemProxy */;
		};
/* End PBXTargetDependency section */

/* Begin PBXVariantGroup section */
		9E5D1C331CE331540061A56A /* Main.storyboard */ = {
			isa = PBXVariantGroup;
			children = (
				9E5D1C341CE331540061A56A /* Base */,
			);
			name = Main.storyboard;
			sourceTree = "<group>";
		};
		9E5D1C381CE331540061A56A /* LaunchScreen.storyboard */ = {
			isa = PBXVariantGroup;
			children = (
				9E5D1C391CE331540061A56A /* Base */,
			);
			name = LaunchScreen.storyboard;
			sourceTree = "<group>";
		};
/* End PBXVariantGroup section */

/* Begin XCBuildConfiguration section */
		9E5D1C521CE331540061A56A /* Debug */ = {
			isa = XCBuildConfiguration;
			buildSettings = {
				ALWAYS_SEARCH_USER_PATHS = NO;
				CLANG_ANALYZER_NONNULL = YES;
				CLANG_CXX_LANGUAGE_STANDARD = "gnu++0x";
				CLANG_CXX_LIBRARY = "libc++";
				CLANG_ENABLE_MODULES = YES;
				CLANG_ENABLE_OBJC_ARC = YES;
				CLANG_WARN_BOOL_CONVERSION = YES;
				CLANG_WARN_CONSTANT_CONVERSION = YES;
				CLANG_WARN_DIRECT_OBJC_ISA_USAGE = YES_ERROR;
				CLANG_WARN_EMPTY_BODY = YES;
				CLANG_WARN_ENUM_CONVERSION = YES;
				CLANG_WARN_INT_CONVERSION = YES;
				CLANG_WARN_OBJC_ROOT_CLASS = YES_ERROR;
				CLANG_WARN_UNREACHABLE_CODE = YES;
				CLANG_WARN__DUPLICATE_METHOD_MATCH = YES;
				"CODE_SIGN_IDENTITY[sdk=iphoneos*]" = "iPhone Developer";
				COPY_PHASE_STRIP = NO;
				DEBUG_INFORMATION_FORMAT = dwarf;
				ENABLE_STRICT_OBJC_MSGSEND = YES;
				ENABLE_TESTABILITY = YES;
				GCC_C_LANGUAGE_STANDARD = gnu99;
				GCC_DYNAMIC_NO_PIC = NO;
				GCC_NO_COMMON_BLOCKS = YES;
				GCC_OPTIMIZATION_LEVEL = 0;
				GCC_PREPROCESSOR_DEFINITIONS = (
					"DEBUG=1",
					"$(inherited)",
				);
				GCC_WARN_64_TO_32_BIT_CONVERSION = YES;
				GCC_WARN_ABOUT_RETURN_TYPE = YES_ERROR;
				GCC_WARN_UNDECLARED_SELECTOR = YES;
				GCC_WARN_UNINITIALIZED_AUTOS = YES_AGGRESSIVE;
				GCC_WARN_UNUSED_FUNCTION = YES;
				GCC_WARN_UNUSED_VARIABLE = YES;
				IPHONEOS_DEPLOYMENT_TARGET = 9.3;
				MTL_ENABLE_DEBUG_INFO = YES;
				ONLY_ACTIVE_ARCH = YES;
				SDKROOT = iphoneos;
				SWIFT_OPTIMIZATION_LEVEL = "-Onone";
				TARGETED_DEVICE_FAMILY = "1,2";
			};
			name = Debug;
		};
		9E5D1C531CE331540061A56A /* Release */ = {
			isa = XCBuildConfiguration;
			buildSettings = {
				ALWAYS_SEARCH_USER_PATHS = NO;
				CLANG_ANALYZER_NONNULL = YES;
				CLANG_CXX_LANGUAGE_STANDARD = "gnu++0x";
				CLANG_CXX_LIBRARY = "libc++";
				CLANG_ENABLE_MODULES = YES;
				CLANG_ENABLE_OBJC_ARC = YES;
				CLANG_WARN_BOOL_CONVERSION = YES;
				CLANG_WARN_CONSTANT_CONVERSION = YES;
				CLANG_WARN_DIRECT_OBJC_ISA_USAGE = YES_ERROR;
				CLANG_WARN_EMPTY_BODY = YES;
				CLANG_WARN_ENUM_CONVERSION = YES;
				CLANG_WARN_INT_CONVERSION = YES;
				CLANG_WARN_OBJC_ROOT_CLASS = YES_ERROR;
				CLANG_WARN_UNREACHABLE_CODE = YES;
				CLANG_WARN__DUPLICATE_METHOD_MATCH = YES;
				"CODE_SIGN_IDENTITY[sdk=iphoneos*]" = "iPhone Developer";
				COPY_PHASE_STRIP = NO;
				DEBUG_INFORMATION_FORMAT = "dwarf-with-dsym";
				ENABLE_NS_ASSERTIONS = NO;
				ENABLE_STRICT_OBJC_MSGSEND = YES;
				GCC_C_LANGUAGE_STANDARD = gnu99;
				GCC_NO_COMMON_BLOCKS = YES;
				GCC_WARN_64_TO_32_BIT_CONVERSION = YES;
				GCC_WARN_ABOUT_RETURN_TYPE = YES_ERROR;
				GCC_WARN_UNDECLARED_SELECTOR = YES;
				GCC_WARN_UNINITIALIZED_AUTOS = YES_AGGRESSIVE;
				GCC_WARN_UNUSED_FUNCTION = YES;
				GCC_WARN_UNUSED_VARIABLE = YES;
				IPHONEOS_DEPLOYMENT_TARGET = 9.3;
				MTL_ENABLE_DEBUG_INFO = NO;
				SDKROOT = iphoneos;
				TARGETED_DEVICE_FAMILY = "1,2";
				VALIDATE_PRODUCT = YES;
			};
			name = Release;
		};
		9E5D1C551CE331540061A56A /* Debug */ = {
			isa = XCBuildConfiguration;
			buildSettings = {
				ASSETCATALOG_COMPILER_APPICON_NAME = AppIcon;
				INFOPLIST_FILE = SMSPdu/Info.plist;
				LD_RUNPATH_SEARCH_PATHS = "$(inherited) @executable_path/Frameworks";
				PRODUCT_BUNDLE_IDENTIFIER = bb.SMSPdu;
				PRODUCT_NAME = "$(TARGET_NAME)";
			};
			name = Debug;
		};
		9E5D1C561CE331540061A56A /* Release */ = {
			isa = XCBuildConfiguration;
			buildSettings = {
				ASSETCATALOG_COMPILER_APPICON_NAME = AppIcon;
				INFOPLIST_FILE = SMSPdu/Info.plist;
				LD_RUNPATH_SEARCH_PATHS = "$(inherited) @executable_path/Frameworks";
				PRODUCT_BUNDLE_IDENTIFIER = bb.SMSPdu;
				PRODUCT_NAME = "$(TARGET_NAME)";
			};
			name = Release;
		};
		9E5D1C581CE331540061A56A /* Debug */ = {
			isa = XCBuildConfiguration;
			buildSettings = {
				BUNDLE_LOADER = "$(TEST_HOST)";
				INFOPLIST_FILE = SMSPduTests/Info.plist;
				LD_RUNPATH_SEARCH_PATHS = "$(inherited) @executable_path/Frameworks @loader_path/Frameworks";
				PRODUCT_BUNDLE_IDENTIFIER = bb.SMSPduTests;
				PRODUCT_NAME = "$(TARGET_NAME)";
				TEST_HOST = "$(BUILT_PRODUCTS_DIR)/SMSPdu.app/SMSPdu";
			};
			name = Debug;
		};
		9E5D1C591CE331540061A56A /* Release */ = {
			isa = XCBuildConfiguration;
			buildSettings = {
				BUNDLE_LOADER = "$(TEST_HOST)";
				INFOPLIST_FILE = SMSPduTests/Info.plist;
				LD_RUNPATH_SEARCH_PATHS = "$(inherited) @executable_path/Frameworks @loader_path/Frameworks";
				PRODUCT_BUNDLE_IDENTIFIER = bb.SMSPduTests;
				PRODUCT_NAME = "$(TARGET_NAME)";
				TEST_HOST = "$(BUILT_PRODUCTS_DIR)/SMSPdu.app/SMSPdu";
			};
			name = Release;
		};
		9E5D1C5B1CE331540061A56A /* Debug */ = {
			isa = XCBuildConfiguration;
			buildSettings = {
				INFOPLIST_FILE = SMSPduUITests/Info.plist;
				LD_RUNPATH_SEARCH_PATHS = "$(inherited) @executable_path/Frameworks @loader_path/Frameworks";
				PRODUCT_BUNDLE_IDENTIFIER = bb.SMSPduUITests;
				PRODUCT_NAME = "$(TARGET_NAME)";
				TEST_TARGET_NAME = SMSPdu;
			};
			name = Debug;
		};
		9E5D1C5C1CE331540061A56A /* Release */ = {
			isa = XCBuildConfiguration;
			buildSettings = {
				INFOPLIST_FILE = SMSPduUITests/Info.plist;
				LD_RUNPATH_SEARCH_PATHS = "$(inherited) @executable_path/Frameworks @loader_path/Frameworks";
				PRODUCT_BUNDLE_IDENTIFIER = bb.SMSPduUITests;
				PRODUCT_NAME = "$(TARGET_NAME)";
				TEST_TARGET_NAME = SMSPdu;
			};
			name = Release;
		};
/* End XCBuildConfiguration section */

/* Begin XCConfigurationList section */
		9E5D1C271CE331540061A56A /* Build configuration list for PBXProject "SMSPdu" */ = {
			isa = XCConfigurationList;
			buildConfigurations = (
				9E5D1C521CE331540061A56A /* Debug */,
				9E5D1C531CE331540061A56A /* Release */,
			);
			defaultConfigurationIsVisible = 0;
			defaultConfigurationName = Release;
		};
		9E5D1C541CE331540061A56A /* Build configuration list for PBXNativeTarget "SMSPdu" */ = {
			isa = XCConfigurationList;
			buildConfigurations = (
				9E5D1C551CE331540061A56A /* Debug */,
				9E5D1C561CE331540061A56A /* Release */,
			);
			defaultConfigurationIsVisible = 0;
			defaultConfigurationName = Release;
		};
		9E5D1C571CE331540061A56A /* Build configuration list for PBXNativeTarget "SMSPduTests" */ = {
			isa = XCConfigurationList;
			buildConfigurations = (
				9E5D1C581CE331540061A56A /* Debug */,
				9E5D1C591CE331540061A56A /* Release */,
			);
			defaultConfigurationIsVisible = 0;
			defaultConfigurationName = Release;
		};
		9E5D1C5A1CE331540061A56A /* Build configuration list for PBXNativeTarget "SMSPduUITests" */ = {
			isa = XCConfigurationList;
			buildConfigurations = (
				9E5D1C5B1CE331540061A56A /* Debug */,
				9E5D1C5C1CE331540061A56A /* Release */,
			);
			defaultConfigurationIsVisible = 0;
			defaultConfigurationName = Release;
		};
/* End XCConfigurationList section */
	};
	rootObject = 9E5D1C241CE331540061A56A /* Project object */;
}
